Microsoft Visual Studio Solution File, Format Version 12.00
# Visual Studio Version 17
VisualStudioVersion = 17.5.2.0
MinimumVisualStudioVersion = 10.0.40219.1
Project("{2150E333-8FDC-42A3-9474-1A3956D46DE8}") = "backend", "backend", "{1AE8ACA6-933B-BF2A-3671-3E2EAC007D16}"
EndProject
Project("{FAE04EC0-301F-11D3-BF4B-00C04F79EFBC}") = "NailApi", "backend\NailApi\NailApi.csproj", "{7147BFE4-64F6-6B60-0F4E-D153EE9DA5B9}"
EndProject
Global
	GlobalSection(SolutionConfigurationPlatforms) = preSolution
		Debug|Any CPU = Debug|Any CPU
		Release|Any CPU = Release|Any CPU
	EndGlobalSection
	GlobalSection(ProjectConfigurationPlatforms) = postSolution
		{7147BFE4-64F6-6B60-0F4E-D153EE9DA5B9}.Debug|Any CPU.ActiveCfg = Debug|Any CPU
		{7147BFE4-64F6-6B60-0F4E-D153EE9DA5B9}.Debug|Any CPU.Build.0 = Debug|Any CPU
		{7147BFE4-64F6-6B60-0F4E-D153EE9DA5B9}.Release|Any CPU.ActiveCfg = Release|Any CPU
		{7147BFE4-64F6-6B60-0F4E-D153EE9DA5B9}.Release|Any CPU.Build.0 = Release|Any CPU
	EndGlobalSection
	GlobalSection(SolutionProperties) = preSolution
		HideSolutionNode = FALSE
	EndGlobalSection
	GlobalSection(NestedProjects) = preSolution
		{7147BFE4-64F6-6B60-0F4E-D153EE9DA5B9} = {1AE8ACA6-933B-BF2A-3671-3E2EAC007D16}
	EndGlobalSection
	GlobalSection(ExtensibilityGlobals) = postSolution
		SolutionGuid = {EFA81F8F-6BD1-453F-8DD2-90C95B2E9B40}
	EndGlobalSection
EndGlobal
